
Microsoft Visual Studio Solution File, Format Version 11.00
# Visual Studio 2010
Project("{FAE04EC0-301F-11D3-BF4B-00C04F79EFBC}") = "Assembly-CSharp", "Assembly-CSharp.csproj", "{F4E54128-6952-9084-79F4-0DB835845036}"
EndProject
Project("{FAE04EC0-301F-11D3-BF4B-00C04F79EFBC}") = "Assembly-CSharp-firstpass", "Assembly-CSharp-firstpass.csproj", "{1658E21C-6F35-5792-3C3B-5ECF5A995CCE}"
EndProject
Project("{FAE04EC0-301F-11D3-BF4B-00C04F79EFBC}") = "Assembly-CSharp-Editor-firstpass", "Assembly-CSharp-Editor-firstpass.csproj", "{E64E48FD-A160-8B8C-9CEB-A15C7AB6BE80}"
EndProject
Global
	GlobalSection(SolutionConfigurationPlatforms) = preSolution
		Debug|Any CPU = Debug|Any CPU
		Release|Any CPU = Release|Any CPU
	EndGlobalSection
	GlobalSection(ProjectConfigurationPlatforms) = postSolution
		{F4E54128-6952-9084-79F4-0DB835845036}.Debug|Any CPU.ActiveCfg = Debug|Any CPU
		{F4E54128-6952-9084-79F4-0DB835845036}.Debug|Any CPU.Build.0 = Debug|Any CPU
		{F4E54128-6952-9084-79F4-0DB835845036}.Release|Any CPU.ActiveCfg = Release|Any CPU
		{F4E54128-6952-9084-79F4-0DB835845036}.Release|Any CPU.Build.0 = Release|Any CPU
		{1658E21C-6F35-5792-3C3B-5ECF5A995CCE}.Debug|Any CPU.ActiveCfg = Debug|Any CPU
		{1658E21C-6F35-5792-3C3B-5ECF5A995CCE}.Debug|Any CPU.Build.0 = Debug|Any CPU
		{1658E21C-6F35-5792-3C3B-5ECF5A995CCE}.Release|Any CPU.ActiveCfg = Release|Any CPU
		{1658E21C-6F35-5792-3C3B-5ECF5A995CCE}.Release|Any CPU.Build.0 = Release|Any CPU
		{E64E48FD-A160-8B8C-9CEB-A15C7AB6BE80}.Debug|Any CPU.ActiveCfg = Debug|Any CPU
		{E64E48FD-A160-8B8C-9CEB-A15C7AB6BE80}.Debug|Any CPU.Build.0 = Debug|Any CPU
		{E64E48FD-A160-8B8C-9CEB-A15C7AB6BE80}.Release|Any CPU.ActiveCfg = Release|Any CPU
		{E64E48FD-A160-8B8C-9CEB-A15C7AB6BE80}.Release|Any CPU.Build.0 = Release|Any CPU
	EndGlobalSection
	GlobalSection(SolutionProperties) = preSolution
		HideSolutionNode = FALSE
	EndGlobalSection
EndGlobal
